{
  "name": "spa",
  "lockfileVersion": 2,
  "requires": true,
  "packages": {
    "": {
      "dependencies": {
        "btoa-atob": "^0.1.2",
        "crypto-js": "^4.1.1"
      }
    },
    "node_modules/btoa-atob": {
      "version": "0.1.2",
      "resolved": "https://registry.npmjs.org/btoa-atob/-/btoa-atob-0.1.2.tgz",
      "integrity": "sha1-Pt1ZAryDnZmXWrLh6plVob0Ih+I=",
      "bin": {
        "atob": "atob",
        "btoa": "btoa"
      },
      "engines": {
        "node": "*"
      }
    },
    "node_modules/crypto-js": {
      "version": "4.1.1",
      "resolved": "https://registry.npmjs.org/crypto-js/-/crypto-js-4.1.1.tgz",
      "integrity": "sha512-o2JlM7ydqd3Qk9CA0L4NL6mTzU2sdx96a+oOfPu8Mkl/PK51vSyoi8/rQ8NknZtk44vq15lmhAj9CIAGwgeWKw=="
    }
  },
  "dependencies": {
    "btoa-atob": {
      "version": "0.1.2",
      "resolved": "https://registry.npmjs.org/btoa-atob/-/btoa-atob-0.1.2.tgz",
      "integrity": "sha1-Pt1ZAryDnZmXWrLh6plVob0Ih+I="
    },
    "crypto-js": {
      "version": "4.1.1",
      "resolved": "https://registry.npmjs.org/crypto-js/-/crypto-js-4.1.1.tgz",
      "integrity": "sha512-o2JlM7ydqd3Qk9CA0L4NL6mTzU2sdx96a+oOfPu8Mkl/PK51vSyoi8/rQ8NknZtk44vq15lmhAj9CIAGwgeWKw=="
    }
  }
}
